
Microsoft Visual Studio Solution File, Format Version 12.00
# Visual Studio 15
VisualStudioVersion = 15.0.28307.1705
MinimumVisualStudioVersion = 10.0.40219.1
Project("{8BC9CEB8-8B4A-11D0-8D11-00A0C91BC942}") = "zebra-scanner", "zebra-scanner\zebra-scanner.vcxproj", "{BA89A936-5CC3-49F1-AAD9-A42A40795691}"
EndProject
Global
	GlobalSection(SolutionConfigurationPlatforms) = preSolution
		Debug|x64 = Debug|x64
		Debug|x86 = Debug|x86
		Release|x64 = Release|x64
		Release|x86 = Release|x86
	EndGlobalSection
	GlobalSection(ProjectConfigurationPlatforms) = postSolution
		{BA89A936-5CC3-49F1-AAD9-A42A40795691}.Debug|x64.ActiveCfg = Debug|x64
		{BA89A936-5CC3-49F1-AAD9-A42A40795691}.Debug|x64.Build.0 = Debug|x64
		{BA89A936-5CC3-49F1-AAD9-A42A40795691}.Debug|x86.ActiveCfg = Debug|Win32
		{BA89A936-5CC3-49F1-AAD9-A42A40795691}.Debug|x86.Build.0 = Debug|Win32
		{BA89A936-5CC3-49F1-AAD9-A42A40795691}.Release|x64.ActiveCfg = Release|x64
		{BA89A936-5CC3-49F1-AAD9-A42A40795691}.Release|x64.Build.0 = Release|x64
		{BA89A936-5CC3-49F1-AAD9-A42A40795691}.Release|x86.ActiveCfg = Release|Win32
		{BA89A936-5CC3-49F1-AAD9-A42A40795691}.Release|x86.Build.0 = Release|Win32
	EndGlobalSection
	GlobalSection(SolutionProperties) = preSolution
		HideSolutionNode = FALSE
	EndGlobalSection
	GlobalSection(ExtensibilityGlobals) = postSolution
		SolutionGuid = {3AF20E28-6B9E-472E-B284-2019D5DC3A25}
	EndGlobalSection
EndGlobal
